
Microsoft Visual Studio Solution File, Format Version 12.00
# Visual Studio 14
VisualStudioVersion = 14.0.25123.0
MinimumVisualStudioVersion = 10.0.40219.1
Project("{FAE04EC0-301F-11D3-BF4B-00C04F79EFBC}") = "GameActivity", "GameActivity\GameActivity.csproj", "::GAME_ACTIVITY_GUID::"
EndProject
Project("{FAE04EC0-301F-11D3-BF4B-00C04F79EFBC}") = "ApplicationMain", "ApplicationMain.csproj", "::APP_MAIN_GUID::"
EndProject
Project("{FAE04EC0-301F-11D3-BF4B-00C04F79EFBC}") = "MainActivity", "MainActivity.csproj", "::MAIN_ACTIVITY_GUID::"
EndProject
Global
	GlobalSection(SolutionConfigurationPlatforms) = preSolution
		Debug|Any CPU = Debug|Any CPU
		Release|Any CPU = Release|Any CPU
	EndGlobalSection
	GlobalSection(ProjectConfigurationPlatforms) = postSolution
		::GAME_ACTIVITY_GUID::.Debug|Any CPU.ActiveCfg = Debug|Any CPU
		::GAME_ACTIVITY_GUID::.Debug|Any CPU.Build.0 = Debug|Any CPU
		::GAME_ACTIVITY_GUID::.Release|Any CPU.ActiveCfg = Release|Any CPU
		::GAME_ACTIVITY_GUID::.Release|Any CPU.Build.0 = Release|Any CPU
		::APP_MAIN_GUID::.Debug|Any CPU.ActiveCfg = Debug|Any CPU
		::APP_MAIN_GUID::.Debug|Any CPU.Build.0 = Debug|Any CPU
		::APP_MAIN_GUID::.Release|Any CPU.ActiveCfg = Release|Any CPU
		::APP_MAIN_GUID::.Release|Any CPU.Build.0 = Release|Any CPU
		::MAIN_ACTIVITY_GUID::.Debug|Any CPU.ActiveCfg = Debug|Any CPU
		::MAIN_ACTIVITY_GUID::.Debug|Any CPU.Build.0 = Debug|Any CPU
		::MAIN_ACTIVITY_GUID::.Debug|Any CPU.Deploy.0 = Debug|Any CPU
		::MAIN_ACTIVITY_GUID::.Release|Any CPU.ActiveCfg = Release|Any CPU
		::MAIN_ACTIVITY_GUID::.Release|Any CPU.Build.0 = Release|Any CPU
		::MAIN_ACTIVITY_GUID::.Release|Any CPU.Deploy.0 = Release|Any CPU
	EndGlobalSection
	GlobalSection(SolutionProperties) = preSolution
		HideSolutionNode = FALSE
	EndGlobalSection
EndGlobal
